schema: '2.0'
stages:
  preprocess:
    cmd: python src/preprocess.py
    deps:
    - path: data/raw/customer_features.csv
      hash: md5
      md5: fa17e2c8aa8bb37de31a3ac5b8491e1b
      size: 390878
    - path: src/preprocess.py
      hash: md5
      md5: 6db45097e96370a4acd777f40da8f3d9
      size: 3554
    params:
      params.yaml:
        preprocess.churn_days: 90
        preprocess.random_state: 42
        preprocess.test_size: 0.2
    outs:
    - path: data/processed/X_test.csv
      hash: md5
      md5: d5767bf327a6d652345d25e4dccd2a15
      size: 153000
    - path: data/processed/X_train.csv
      hash: md5
      md5: 950ddd806e832f81b8c2fecd138abd72
      size: 611454
    - path: data/processed/scaler_params.json
      hash: md5
      md5: 5278f8942bf7d16b8c14fdb8d34f450d
      size: 396
    - path: data/processed/y_test.csv
      hash: md5
      md5: f41903588430d7d776e0d95bbc66d6f2
      size: 2360
    - path: data/processed/y_train.csv
      hash: md5
      md5: e8b0038cb302639e2a45ba8b95def434
      size: 9412
  train:
    cmd: python src/train.py
    deps:
    - path: data/processed/X_train.csv
      hash: md5
      md5: 950ddd806e832f81b8c2fecd138abd72
      size: 611454
    - path: data/processed/y_train.csv
      hash: md5
      md5: e8b0038cb302639e2a45ba8b95def434
      size: 9412
    - path: src/train.py
      hash: md5
      md5: 848bebaa769801178d7c27e9b5619d70
      size: 3232
    params:
      params.yaml:
        train.C: 1.0
        train.learning_rate: 0.1
        train.max_depth: 5
        train.max_iter: 1000
        train.model: logistic_regression
        train.n_estimators: 100
        train.n_estimators_xgb: 100
        train.random_state: 42
    outs:
    - path: models/mlflow_run_id.txt
      hash: md5
      md5: 3710262ea908ac71fba84ad18e99aff2
      size: 32
    - path: models/model.pkl
      hash: md5
      md5: 86de8a3372a667271bfa6096d4989c98
      size: 1054
  evaluate:
    cmd: python src/evaluate.py
    deps:
    - path: data/processed/X_test.csv
      hash: md5
      md5: d5767bf327a6d652345d25e4dccd2a15
      size: 153000
    - path: data/processed/y_test.csv
      hash: md5
      md5: f41903588430d7d776e0d95bbc66d6f2
      size: 2360
    - path: models/model.pkl
      hash: md5
      md5: 86de8a3372a667271bfa6096d4989c98
      size: 1054
    - path: src/evaluate.py
      hash: md5
      md5: b6c716a835cd8774dc9891e94dfff942
      size: 2854
    params:
      params.yaml:
        evaluate.threshold: 0.5
    outs:
    - path: metrics.json
      hash: md5
      md5: 1bf91dc3d94a5f126f20ba574eadf3a7
      size: 104
    - path: plots/predictions.csv
      hash: md5
      md5: 9b162c9fe5b4fdd9891e69f04dab7dfe
      size: 27313
